
Microsoft Visual Studio Solution File, Format Version 12.00
# Visual Studio Version 17
VisualStudioVersion = 17.7.34031.279
MinimumVisualStudioVersion = 10.0.40219.1
Project("{FAE04EC0-301F-11D3-BF4B-00C04F79EFBC}") = "ejercicio6ArrayObligatorio", "ejercicio6ArrayObligatorio.csproj", "{694DF984-642E-4010-B99D-ACDCCC029EFA}"
EndProject
Global
	GlobalSection(SolutionConfigurationPlatforms) = preSolution
		Debug|Any CPU = Debug|Any CPU
		Release|Any CPU = Release|Any CPU
	EndGlobalSection
	GlobalSection(ProjectConfigurationPlatforms) = postSolution
		{694DF984-642E-4010-B99D-ACDCCC029EFA}.Debug|Any CPU.ActiveCfg = Debug|Any CPU
		{694DF984-642E-4010-B99D-ACDCCC029EFA}.Debug|Any CPU.Build.0 = Debug|Any CPU
		{694DF984-642E-4010-B99D-ACDCCC029EFA}.Release|Any CPU.ActiveCfg = Release|Any CPU
		{694DF984-642E-4010-B99D-ACDCCC029EFA}.Release|Any CPU.Build.0 = Release|Any CPU
	EndGlobalSection
	GlobalSection(SolutionProperties) = preSolution
		HideSolutionNode = FALSE
	EndGlobalSection
	GlobalSection(ExtensibilityGlobals) = postSolution
		SolutionGuid = {30499D10-C8F1-45F0-90CA-8341BE91D4F5}
	EndGlobalSection
EndGlobal
